
Microsoft Visual Studio Solution File, Format Version 12.00
# Visual Studio Version 17
VisualStudioVersion = 17.0.32014.148
MinimumVisualStudioVersion = 10.0.40219.1
Project("{FAE04EC0-301F-11D3-BF4B-00C04F79EFBC}") = "Task29", "Task29\Task29.csproj", "{353997C3-6403-4EBC-A728-15692FCEB694}"
EndProject
Global
	GlobalSection(SolutionConfigurationPlatforms) = preSolution
		Debug|Any CPU = Debug|Any CPU
		Release|Any CPU = Release|Any CPU
	EndGlobalSection
	GlobalSection(ProjectConfigurationPlatforms) = postSolution
		{353997C3-6403-4EBC-A728-15692FCEB694}.Debug|Any CPU.ActiveCfg = Debug|Any CPU
		{353997C3-6403-4EBC-A728-15692FCEB694}.Debug|Any CPU.Build.0 = Debug|Any CPU
		{353997C3-6403-4EBC-A728-15692FCEB694}.Release|Any CPU.ActiveCfg = Release|Any CPU
		{353997C3-6403-4EBC-A728-15692FCEB694}.Release|Any CPU.Build.0 = Release|Any CPU
	EndGlobalSection
	GlobalSection(SolutionProperties) = preSolution
		HideSolutionNode = FALSE
	EndGlobalSection
	GlobalSection(ExtensibilityGlobals) = postSolution
		SolutionGuid = {59A736F3-2303-455E-BE95-D3180E614168}
	EndGlobalSection
EndGlobal
